
Microsoft Visual Studio Solution File, Format Version 12.00
# Visual Studio 14
VisualStudioVersion = 14.0.25420.1
MinimumVisualStudioVersion = 10.0.40219.1
Project("{FAE04EC0-301F-11D3-BF4B-00C04F79EFBC}") = "Getanolina", "Getanolina\Getanolina.csproj", "{D8C162BD-2993-4C7D-9532-FB62B50D0C20}"
EndProject
Project("{FAE04EC0-301F-11D3-BF4B-00C04F79EFBC}") = "Getanolina.Library", "Getanolina.Library\Getanolina.Library.csproj", "{EABA303B-4662-4E28-891D-2139CB8F184D}"
EndProject
Global
	GlobalSection(SolutionConfigurationPlatforms) = preSolution
		Debug|Any CPU = Debug|Any CPU
		Release|Any CPU = Release|Any CPU
	EndGlobalSection
	GlobalSection(ProjectConfigurationPlatforms) = postSolution
		{D8C162BD-2993-4C7D-9532-FB62B50D0C20}.Debug|Any CPU.ActiveCfg = Debug|Any CPU
		{D8C162BD-2993-4C7D-9532-FB62B50D0C20}.Debug|Any CPU.Build.0 = Debug|Any CPU
		{D8C162BD-2993-4C7D-9532-FB62B50D0C20}.Debug|Any CPU.Deploy.0 = Debug|Any CPU
		{D8C162BD-2993-4C7D-9532-FB62B50D0C20}.Release|Any CPU.ActiveCfg = Release|Any CPU
		{D8C162BD-2993-4C7D-9532-FB62B50D0C20}.Release|Any CPU.Build.0 = Release|Any CPU
		{D8C162BD-2993-4C7D-9532-FB62B50D0C20}.Release|Any CPU.Deploy.0 = Release|Any CPU
		{EABA303B-4662-4E28-891D-2139CB8F184D}.Debug|Any CPU.ActiveCfg = Debug|Any CPU
		{EABA303B-4662-4E28-891D-2139CB8F184D}.Debug|Any CPU.Build.0 = Debug|Any CPU
		{EABA303B-4662-4E28-891D-2139CB8F184D}.Release|Any CPU.ActiveCfg = Release|Any CPU
		{EABA303B-4662-4E28-891D-2139CB8F184D}.Release|Any CPU.Build.0 = Release|Any CPU
	EndGlobalSection
	GlobalSection(SolutionProperties) = preSolution
		HideSolutionNode = FALSE
	EndGlobalSection
EndGlobal
